// !$*UTF8*$!
{
	archiveVersion = 1;
	classes = {
	};
	objectVersion = 46;
	objects = {

/* Begin PBXBuildFile section */
		08031BCA5CE7A1F9B6B5C903 /* Pods_TableBookingUITests.framework in Frameworks */ = {isa = PBXBuildFile; fileRef = 2E53B6D81F4A5ECD27F20BBE /* Pods_TableBookingUITests.framework */; };
		341596421DBCD92D00A5D68C /* AppDelegate.swift in Sources */ = {isa = PBXBuildFile; fileRef = 341596411DBCD92D00A5D68C /* AppDelegate.swift */; };
		341596471DBCD92D00A5D68C /* Main.storyboard in Resources */ = {isa = PBXBuildFile; fileRef = 341596451DBCD92D00A5D68C /* Main.storyboard */; };
		3415964A1DBCD92D00A5D68C /* TableBooking.xcdatamodeld in Sources */ = {isa = PBXBuildFile; fileRef = 341596481DBCD92D00A5D68C /* TableBooking.xcdatamodeld */; };
		3415964C1DBCD92D00A5D68C /* Assets.xcassets in Resources */ = {isa = PBXBuildFile; fileRef = 3415964B1DBCD92D00A5D68C /* Assets.xcassets */; };
		3415964F1DBCD92D00A5D68C /* LaunchScreen.storyboard in Resources */ = {isa = PBXBuildFile; fileRef = 3415964D1DBCD92D00A5D68C /* LaunchScreen.storyboard */; };
		3415965A1DBCD92D00A5D68C /* TableBookingTests.swift in Sources */ = {isa = PBXBuildFile; fileRef = 341596591DBCD92D00A5D68C /* TableBookingTests.swift */; };
		341596651DBCD92D00A5D68C /* TableBookingUITests.swift in Sources */ = {isa = PBXBuildFile; fileRef = 341596641DBCD92D00A5D68C /* TableBookingUITests.swift */; };
		341596731DBD70D000A5D68C /* TBColors.swift in Sources */ = {isa = PBXBuildFile; fileRef = 341596721DBD70D000A5D68C /* TBColors.swift */; };
		34172AC61DE1BA340005EAAA /* NMRangeSlider.m in Sources */ = {isa = PBXBuildFile; fileRef = 34172AC51DE1BA340005EAAA /* NMRangeSlider.m */; };
		34172ACA1DE1C0730005EAAA /* FilterViewController.swift in Sources */ = {isa = PBXBuildFile; fileRef = 34172AC91DE1C0730005EAAA /* FilterViewController.swift */; };
		34172AD51DE1F85E0005EAAA /* Numebers+Format.swift in Sources */ = {isa = PBXBuildFile; fileRef = 34172AD41DE1F85E0005EAAA /* Numebers+Format.swift */; };
		3495A4A71DE105D1005503E3 /* RestaurantTableViewCell.swift in Sources */ = {isa = PBXBuildFile; fileRef = 3495A4A61DE105D1005503E3 /* RestaurantTableViewCell.swift */; };
		34A1719A1DE5FC3A0054E1ED /* Config.swift in Sources */ = {isa = PBXBuildFile; fileRef = 34A171991DE5FC3A0054E1ED /* Config.swift */; };
		34A1719C1DE60F330054E1ED /* DataAPI.swift in Sources */ = {isa = PBXBuildFile; fileRef = 34A1719B1DE60F330054E1ED /* DataAPI.swift */; };
		34A1719E1DE6F0C00054E1ED /* User.swift in Sources */ = {isa = PBXBuildFile; fileRef = 34A1719D1DE6F0C00054E1ED /* User.swift */; };
		34A171A01DE6F18D0054E1ED /* Parser.swift in Sources */ = {isa = PBXBuildFile; fileRef = 34A1719F1DE6F18D0054E1ED /* Parser.swift */; };
		34A171A31DE6F6290054E1ED /* Error.swift in Sources */ = {isa = PBXBuildFile; fileRef = 34A171A21DE6F6290054E1ED /* Error.swift */; };
		34A171A51DE6F6360054E1ED /* Result.swift in Sources */ = {isa = PBXBuildFile; fileRef = 34A171A41DE6F6360054E1ED /* Result.swift */; };
		34F4958F1DDFC66000DF791E /* StartNavigationViewController.swift in Sources */ = {isa = PBXBuildFile; fileRef = 34F4958E1DDFC66000DF791E /* StartNavigationViewController.swift */; };
		34F495911DDFCB0600DF791E /* StartTabBarViewController.swift in Sources */ = {isa = PBXBuildFile; fileRef = 34F495901DDFCB0600DF791E /* StartTabBarViewController.swift */; };
		34F495931DDFD04C00DF791E /* SearchViewController.swift in Sources */ = {isa = PBXBuildFile; fileRef = 34F495921DDFD04C00DF791E /* SearchViewController.swift */; };
		34F495951DDFD0AC00DF791E /* HistoryViewController.swift in Sources */ = {isa = PBXBuildFile; fileRef = 34F495941DDFD0AC00DF791E /* HistoryViewController.swift */; };
		34F495971DDFD10B00DF791E /* UserViewController.swift in Sources */ = {isa = PBXBuildFile; fileRef = 34F495961DDFD10B00DF791E /* UserViewController.swift */; };
		71211B7D2B905C8E0BF3B0AD /* Pods_TableBookingTests.framework in Frameworks */ = {isa = PBXBuildFile; fileRef = 75F42D33B53094F22B0525DB /* Pods_TableBookingTests.framework */; };
		F72F3BE7B6ECB07B5828AF58 /* Pods_TableBooking.framework in Frameworks */ = {isa = PBXBuildFile; fileRef = 2D872F65A240F385A5BA517A /* Pods_TableBooking.framework */; };
/* End PBXBuildFile section */

/* Begin PBXContainerItemProxy section */
		341596561DBCD92D00A5D68C /* PBXContainerItemProxy */ = {
			isa = PBXContainerItemProxy;
			containerPortal = 341596361DBCD92C00A5D68C /* Project object */;
			proxyType = 1;
			remoteGlobalIDString = 3415963D1DBCD92C00A5D68C;
			remoteInfo = TableBooking;
		};
		341596611DBCD92D00A5D68C /* PBXContainerItemProxy */ = {
			isa = PBXContainerItemProxy;
			containerPortal = 341596361DBCD92C00A5D68C /* Project object */;
			proxyType = 1;
			remoteGlobalIDString = 3415963D1DBCD92C00A5D68C;
			remoteInfo = TableBooking;
		};
/* End PBXContainerItemProxy section */

/* Begin PBXFileReference section */
		20DB233ED1B0843D3DAC9E7D /* Pods-TableBookingUITests.debug.xcconfig */ = {isa = PBXFileReference; includeInIndex = 1; lastKnownFileType = text.xcconfig; name = "Pods-TableBookingUITests.debug.xcconfig"; path = "Pods/Target Support Files/Pods-TableBookingUITests/Pods-TableBookingUITests.debug.xcconfig"; sourceTree = "<group>"; };
		2D872F65A240F385A5BA517A /* Pods_TableBooking.framework */ = {isa = PBXFileReference; explicitFileType = wrapper.framework; includeInIndex = 0; path = Pods_TableBooking.framework; sourceTree = BUILT_PRODUCTS_DIR; };
		2E53B6D81F4A5ECD27F20BBE /* Pods_TableBookingUITests.framework */ = {isa = PBXFileReference; explicitFileType = wrapper.framework; includeInIndex = 0; path = Pods_TableBookingUITests.framework; sourceTree = BUILT_PRODUCTS_DIR; };
		32279C62F9BC4A94B4CC5D1C /* Pods-TableBooking.debug.xcconfig */ = {isa = PBXFileReference; includeInIndex = 1; lastKnownFileType = text.xcconfig; name = "Pods-TableBooking.debug.xcconfig"; path = "Pods/Target Support Files/Pods-TableBooking/Pods-TableBooking.debug.xcconfig"; sourceTree = "<group>"; };
		3415963E1DBCD92D00A5D68C /* TableBooking.app */ = {isa = PBXFileReference; explicitFileType = wrapper.application; includeInIndex = 0; path = TableBooking.app; sourceTree = BUILT_PRODUCTS_DIR; };
		341596411DBCD92D00A5D68C /* AppDelegate.swift */ = {isa = PBXFileReference; lastKnownFileType = sourcecode.swift; path = AppDelegate.swift; sourceTree = "<group>"; };
		341596461DBCD92D00A5D68C /* Base */ = {isa = PBXFileReference; lastKnownFileType = file.storyboard; name = Base; path = Base.lproj/Main.storyboard; sourceTree = "<group>"; };
		341596491DBCD92D00A5D68C /* TableBooking.xcdatamodel */ = {isa = PBXFileReference; lastKnownFileType = wrapper.xcdatamodel; path = TableBooking.xcdatamodel; sourceTree = "<group>"; };
		3415964B1DBCD92D00A5D68C /* Assets.xcassets */ = {isa = PBXFileReference; lastKnownFileType = folder.assetcatalog; path = Assets.xcassets; sourceTree = "<group>"; };
		3415964E1DBCD92D00A5D68C /* Base */ = {isa = PBXFileReference; lastKnownFileType = file.storyboard; name = Base; path = Base.lproj/LaunchScreen.storyboard; sourceTree = "<group>"; };
		341596501DBCD92D00A5D68C /* Info.plist */ = {isa = PBXFileReference; lastKnownFileType = text.plist.xml; path = Info.plist; sourceTree = "<group>"; };
		341596551DBCD92D00A5D68C /* TableBookingTests.xctest */ = {isa = PBXFileReference; explicitFileType = wrapper.cfbundle; includeInIndex = 0; path = TableBookingTests.xctest; sourceTree = BUILT_PRODUCTS_DIR; };
		341596591DBCD92D00A5D68C /* TableBookingTests.swift */ = {isa = PBXFileReference; lastKnownFileType = sourcecode.swift; path = TableBookingTests.swift; sourceTree = "<group>"; };
		3415965B1DBCD92D00A5D68C /* Info.plist */ = {isa = PBXFileReference; lastKnownFileType = text.plist.xml; path = Info.plist; sourceTree = "<group>"; };
		341596601DBCD92D00A5D68C /* TableBookingUITests.xctest */ = {isa = PBXFileReference; explicitFileType = wrapper.cfbundle; includeInIndex = 0; path = TableBookingUITests.xctest; sourceTree = BUILT_PRODUCTS_DIR; };
		341596641DBCD92D00A5D68C /* TableBookingUITests.swift */ = {isa = PBXFileReference; lastKnownFileType = sourcecode.swift; path = TableBookingUITests.swift; sourceTree = "<group>"; };
		341596661DBCD92D00A5D68C /* Info.plist */ = {isa = PBXFileReference; lastKnownFileType = text.plist.xml; path = Info.plist; sourceTree = "<group>"; };
		341596721DBD70D000A5D68C /* TBColors.swift */ = {isa = PBXFileReference; fileEncoding = 4; lastKnownFileType = sourcecode.swift; path = TBColors.swift; sourceTree = "<group>"; };
		34172AC31DE1BA330005EAAA /* TableBooking-Bridging-Header.h */ = {isa = PBXFileReference; lastKnownFileType = sourcecode.c.h; path = "TableBooking-Bridging-Header.h"; sourceTree = "<group>"; };
		34172AC41DE1BA340005EAAA /* NMRangeSlider.h */ = {isa = PBXFileReference; fileEncoding = 4; lastKnownFileType = sourcecode.c.h; path = NMRangeSlider.h; sourceTree = "<group>"; };
		34172AC51DE1BA340005EAAA /* NMRangeSlider.m */ = {isa = PBXFileReference; fileEncoding = 4; lastKnownFileType = sourcecode.c.objc; path = NMRangeSlider.m; sourceTree = "<group>"; };
		34172AC91DE1C0730005EAAA /* FilterViewController.swift */ = {isa = PBXFileReference; fileEncoding = 4; lastKnownFileType = sourcecode.swift; path = FilterViewController.swift; sourceTree = "<group>"; };
		34172AD41DE1F85E0005EAAA /* Numebers+Format.swift */ = {isa = PBXFileReference; fileEncoding = 4; lastKnownFileType = sourcecode.swift; path = "Numebers+Format.swift"; sourceTree = "<group>"; };
		3495A4A61DE105D1005503E3 /* RestaurantTableViewCell.swift */ = {isa = PBXFileReference; fileEncoding = 4; lastKnownFileType = sourcecode.swift; path = RestaurantTableViewCell.swift; sourceTree = "<group>"; };
		34A171991DE5FC3A0054E1ED /* Config.swift */ = {isa = PBXFileReference; fileEncoding = 4; lastKnownFileType = sourcecode.swift; path = Config.swift; sourceTree = "<group>"; };
		34A1719B1DE60F330054E1ED /* DataAPI.swift */ = {isa = PBXFileReference; fileEncoding = 4; lastKnownFileType = sourcecode.swift; path = DataAPI.swift; sourceTree = "<group>"; };
		34A1719D1DE6F0C00054E1ED /* User.swift */ = {isa = PBXFileReference; fileEncoding = 4; lastKnownFileType = sourcecode.swift; path = User.swift; sourceTree = "<group>"; };
		34A1719F1DE6F18D0054E1ED /* Parser.swift */ = {isa = PBXFileReference; fileEncoding = 4; lastKnownFileType = sourcecode.swift; path = Parser.swift; sourceTree = "<group>"; };
		34A171A21DE6F6290054E1ED /* Error.swift */ = {isa = PBXFileReference; fileEncoding = 4; lastKnownFileType = sourcecode.swift; path = Error.swift; sourceTree = "<group>"; };
		34A171A41DE6F6360054E1ED /* Result.swift */ = {isa = PBXFileReference; fileEncoding = 4; lastKnownFileType = sourcecode.swift; path = Result.swift; sourceTree = "<group>"; };
		34F4958E1DDFC66000DF791E /* StartNavigationViewController.swift */ = {isa = PBXFileReference; fileEncoding = 4; lastKnownFileType = sourcecode.swift; path = StartNavigationViewController.swift; sourceTree = "<group>"; };
		34F495901DDFCB0600DF791E /* StartTabBarViewController.swift */ = {isa = PBXFileReference; fileEncoding = 4; lastKnownFileType = sourcecode.swift; path = StartTabBarViewController.swift; sourceTree = "<group>"; };
		34F495921DDFD04C00DF791E /* SearchViewController.swift */ = {isa = PBXFileReference; fileEncoding = 4; lastKnownFileType = sourcecode.swift; path = SearchViewController.swift; sourceTree = "<group>"; };
		34F495941DDFD0AC00DF791E /* HistoryViewController.swift */ = {isa = PBXFileReference; fileEncoding = 4; lastKnownFileType = sourcecode.swift; path = HistoryViewController.swift; sourceTree = "<group>"; };
		34F495961DDFD10B00DF791E /* UserViewController.swift */ = {isa = PBXFileReference; fileEncoding = 4; lastKnownFileType = sourcecode.swift; path = UserViewController.swift; sourceTree = "<group>"; };
		66B5D4E9BFDB7B1EAB2A16A6 /* Pods-TableBookingTests.debug.xcconfig */ = {isa = PBXFileReference; includeInIndex = 1; lastKnownFileType = text.xcconfig; name = "Pods-TableBookingTests.debug.xcconfig"; path = "Pods/Target Support Files/Pods-TableBookingTests/Pods-TableBookingTests.debug.xcconfig"; sourceTree = "<group>"; };
		75F42D33B53094F22B0525DB /* Pods_TableBookingTests.framework */ = {isa = PBXFileReference; explicitFileType = wrapper.framework; includeInIndex = 0; path = Pods_TableBookingTests.framework; sourceTree = BUILT_PRODUCTS_DIR; };
		769857275A8C5B7B59B049A5 /* Pods-TableBookingTests.release.xcconfig */ = {isa = PBXFileReference; includeInIndex = 1; lastKnownFileType = text.xcconfig; name = "Pods-TableBookingTests.release.xcconfig"; path = "Pods/Target Support Files/Pods-TableBookingTests/Pods-TableBookingTests.release.xcconfig"; sourceTree = "<group>"; };
		859E1CD5EFA8303704C23195 /* Pods-TableBookingUITests.release.xcconfig */ = {isa = PBXFileReference; includeInIndex = 1; lastKnownFileType = text.xcconfig; name = "Pods-TableBookingUITests.release.xcconfig"; path = "Pods/Target Support Files/Pods-TableBookingUITests/Pods-TableBookingUITests.release.xcconfig"; sourceTree = "<group>"; };
		95D053175D05A691FEFA33A1 /* Pods-TableBooking.release.xcconfig */ = {isa = PBXFileReference; includeInIndex = 1; lastKnownFileType = text.xcconfig; name = "Pods-TableBooking.release.xcconfig"; path = "Pods/Target Support Files/Pods-TableBooking/Pods-TableBooking.release.xcconfig"; sourceTree = "<group>"; };
/* End PBXFileReference section */

/* Begin PBXFrameworksBuildPhase section */
		3415963B1DBCD92C00A5D68C /* Frameworks */ = {
			isa = PBXFrameworksBuildPhase;
			buildActionMask = 2147483647;
			files = (
				F72F3BE7B6ECB07B5828AF58 /* Pods_TableBooking.framework in Frameworks */,
			);
			runOnlyForDeploymentPostprocessing = 0;
		};
		341596521DBCD92D00A5D68C /* Frameworks */ = {
			isa = PBXFrameworksBuildPhase;
			buildActionMask = 2147483647;
			files = (
				71211B7D2B905C8E0BF3B0AD /* Pods_TableBookingTests.framework in Frameworks */,
			);
			runOnlyForDeploymentPostprocessing = 0;
		};
		3415965D1DBCD92D00A5D68C /* Frameworks */ = {
			isa = PBXFrameworksBuildPhase;
			buildActionMask = 2147483647;
			files = (
				08031BCA5CE7A1F9B6B5C903 /* Pods_TableBookingUITests.framework in Frameworks */,
			);
			runOnlyForDeploymentPostprocessing = 0;
		};
/* End PBXFrameworksBuildPhase section */

/* Begin PBXGroup section */
		16E7407C7241B983570B02F4 /* Pods */ = {
			isa = PBXGroup;
			children = (
				32279C62F9BC4A94B4CC5D1C /* Pods-TableBooking.debug.xcconfig */,
				95D053175D05A691FEFA33A1 /* Pods-TableBooking.release.xcconfig */,
				66B5D4E9BFDB7B1EAB2A16A6 /* Pods-TableBookingTests.debug.xcconfig */,
				769857275A8C5B7B59B049A5 /* Pods-TableBookingTests.release.xcconfig */,
				20DB233ED1B0843D3DAC9E7D /* Pods-TableBookingUITests.debug.xcconfig */,
				859E1CD5EFA8303704C23195 /* Pods-TableBookingUITests.release.xcconfig */,
			);
			name = Pods;
			sourceTree = "<group>";
		};
		341596351DBCD92C00A5D68C = {
			isa = PBXGroup;
			children = (
				341596401DBCD92D00A5D68C /* TableBooking */,
				341596581DBCD92D00A5D68C /* TableBookingTests */,
				341596631DBCD92D00A5D68C /* TableBookingUITests */,
				3415963F1DBCD92D00A5D68C /* Products */,
				16E7407C7241B983570B02F4 /* Pods */,
				B4C195203F24741F75D9EAAF /* Frameworks */,
			);
			sourceTree = "<group>";
		};
		3415963F1DBCD92D00A5D68C /* Products */ = {
			isa = PBXGroup;
			children = (
				3415963E1DBCD92D00A5D68C /* TableBooking.app */,
				341596551DBCD92D00A5D68C /* TableBookingTests.xctest */,
				341596601DBCD92D00A5D68C /* TableBookingUITests.xctest */,
			);
			name = Products;
			sourceTree = "<group>";
		};
		341596401DBCD92D00A5D68C /* TableBooking */ = {
			isa = PBXGroup;
			children = (
				34172AD11DE1ED110005EAAA /* Helpers */,
				34F495871DDF9F5D00DF791E /* Model */,
				34F495861DDF9F5A00DF791E /* View */,
				34F495851DDF9F5700DF791E /* Controller */,
				34F495881DDF9F5F00DF791E /* Service */,
				34F495891DDFA2FA00DF791E /* Supporting files */,
				34A171A11DE6F33E0054E1ED /* Resources */,
			);
			path = TableBooking;
			sourceTree = "<group>";
		};
		341596581DBCD92D00A5D68C /* TableBookingTests */ = {
			isa = PBXGroup;
			children = (
				341596591DBCD92D00A5D68C /* TableBookingTests.swift */,
				3415965B1DBCD92D00A5D68C /* Info.plist */,
			);
			path = TableBookingTests;
			sourceTree = "<group>";
		};
		341596631DBCD92D00A5D68C /* TableBookingUITests */ = {
			isa = PBXGroup;
			children = (
				341596641DBCD92D00A5D68C /* TableBookingUITests.swift */,
				341596661DBCD92D00A5D68C /* Info.plist */,
			);
			path = TableBookingUITests;
			sourceTree = "<group>";
		};
		34172AC71DE1BF620005EAAA /* External views */ = {
			isa = PBXGroup;
			children = (
				34172AC81DE1BF730005EAAA /* NMRangeSlider */,
			);
			name = "External views";
			sourceTree = "<group>";
		};
		34172AC81DE1BF730005EAAA /* NMRangeSlider */ = {
			isa = PBXGroup;
			children = (
				34172AC41DE1BA340005EAAA /* NMRangeSlider.h */,
				34172AC51DE1BA340005EAAA /* NMRangeSlider.m */,
				34172AC31DE1BA330005EAAA /* TableBooking-Bridging-Header.h */,
			);
			name = NMRangeSlider;
			sourceTree = "<group>";
		};
		34172AD11DE1ED110005EAAA /* Helpers */ = {
			isa = PBXGroup;
			children = (
				34172AD41DE1F85E0005EAAA /* Numebers+Format.swift */,
			);
			name = Helpers;
			sourceTree = "<group>";
		};
		34A171A11DE6F33E0054E1ED /* Resources */ = {
			isa = PBXGroup;
			children = (
				3415964B1DBCD92D00A5D68C /* Assets.xcassets */,
			);
			name = Resources;
			sourceTree = "<group>";
		};
		34A171A61DE73B230054E1ED /* Common */ = {
			isa = PBXGroup;
			children = (
				34F4958E1DDFC66000DF791E /* StartNavigationViewController.swift */,
				34F495901DDFCB0600DF791E /* StartTabBarViewController.swift */,
			);
			name = Common;
			sourceTree = "<group>";
		};
		34A171A71DE73B2A0054E1ED /* Search */ = {
			isa = PBXGroup;
			children = (
				34F495921DDFD04C00DF791E /* SearchViewController.swift */,
				34172AC91DE1C0730005EAAA /* FilterViewController.swift */,
			);
			name = Search;
			sourceTree = "<group>";
		};
		34A171A81DE73B350054E1ED /* User */ = {
			isa = PBXGroup;
			children = (
				34F495961DDFD10B00DF791E /* UserViewController.swift */,
			);
			name = User;
			sourceTree = "<group>";
		};
		34A171A91DE73B3A0054E1ED /* History */ = {
			isa = PBXGroup;
			children = (
				34F495941DDFD0AC00DF791E /* HistoryViewController.swift */,
			);
			name = History;
			sourceTree = "<group>";
		};
		34F495851DDF9F5700DF791E /* Controller */ = {
			isa = PBXGroup;
			children = (
				34A171A61DE73B230054E1ED /* Common */,
				34A171A91DE73B3A0054E1ED /* History */,
				34A171A81DE73B350054E1ED /* User */,
				34A171A71DE73B2A0054E1ED /* Search */,
			);
			name = Controller;
			sourceTree = "<group>";
		};
		34F495861DDF9F5A00DF791E /* View */ = {
			isa = PBXGroup;
			children = (
				34F4958A1DDFA43D00DF791E /* Common */,
				34F4958D1DDFA6D200DF791E /* Search */,
				34172AC71DE1BF620005EAAA /* External views */,
			);
			name = View;
			sourceTree = "<group>";
		};
		34F495871DDF9F5D00DF791E /* Model */ = {
			isa = PBXGroup;
			children = (
				34A1719D1DE6F0C00054E1ED /* User.swift */,
			);
			name = Model;
			sourceTree = "<group>";
		};
		34F495881DDF9F5F00DF791E /* Service */ = {
			isa = PBXGroup;
			children = (
				34A171991DE5FC3A0054E1ED /* Config.swift */,
				34A1719B1DE60F330054E1ED /* DataAPI.swift */,
				34A1719F1DE6F18D0054E1ED /* Parser.swift */,
				34A171A21DE6F6290054E1ED /* Error.swift */,
				34A171A41DE6F6360054E1ED /* Result.swift */,
			);
			name = Service;
			sourceTree = "<group>";
		};
		34F495891DDFA2FA00DF791E /* Supporting files */ = {
			isa = PBXGroup;
			children = (
				341596411DBCD92D00A5D68C /* AppDelegate.swift */,
				341596451DBCD92D00A5D68C /* Main.storyboard */,
				3415964D1DBCD92D00A5D68C /* LaunchScreen.storyboard */,
				341596501DBCD92D00A5D68C /* Info.plist */,
				341596481DBCD92D00A5D68C /* TableBooking.xcdatamodeld */,
			);
			name = "Supporting files";
			sourceTree = "<group>";
		};
		34F4958A1DDFA43D00DF791E /* Common */ = {
			isa = PBXGroup;
			children = (
				341596721DBD70D000A5D68C /* TBColors.swift */,
			);
			name = Common;
			sourceTree = "<group>";
		};
		34F4958D1DDFA6D200DF791E /* Search */ = {
			isa = PBXGroup;
			children = (
				3495A4A61DE105D1005503E3 /* RestaurantTableViewCell.swift */,
			);
			name = Search;
			sourceTree = "<group>";
		};
		B4C195203F24741F75D9EAAF /* Frameworks */ = {
			isa = PBXGroup;
			children = (
				2D872F65A240F385A5BA517A /* Pods_TableBooking.framework */,
				75F42D33B53094F22B0525DB /* Pods_TableBookingTests.framework */,
				2E53B6D81F4A5ECD27F20BBE /* Pods_TableBookingUITests.framework */,
			);
			name = Frameworks;
			sourceTree = "<group>";
		};
/* End PBXGroup section */

/* Begin PBXNativeTarget section */
		3415963D1DBCD92C00A5D68C /* TableBooking */ = {
			isa = PBXNativeTarget;
			buildConfigurationList = 341596691DBCD92D00A5D68C /* Build configuration list for PBXNativeTarget "TableBooking" */;
			buildPhases = (
				9C375D406BF40A4BD3E41491 /* [CP] Check Pods Manifest.lock */,
				3415963A1DBCD92C00A5D68C /* Sources */,
				3415963B1DBCD92C00A5D68C /* Frameworks */,
				3415963C1DBCD92C00A5D68C /* Resources */,
				55A4EB620E5BC56381E05699 /* [CP] Embed Pods Frameworks */,
				15EA5105A6A479BEAB83D8B2 /* [CP] Copy Pods Resources */,
			);
			buildRules = (
			);
			dependencies = (
			);
			name = TableBooking;
			productName = TableBooking;
			productReference = 3415963E1DBCD92D00A5D68C /* TableBooking.app */;
			productType = "com.apple.product-type.application";
		};
		341596541DBCD92D00A5D68C /* TableBookingTests */ = {
			isa = PBXNativeTarget;
			buildConfigurationList = 3415966C1DBCD92D00A5D68C /* Build configuration list for PBXNativeTarget "TableBookingTests" */;
			buildPhases = (
				7EB7CB87CCEC570E9F5B5CDB /* [CP] Check Pods Manifest.lock */,
				341596511DBCD92D00A5D68C /* Sources */,
				341596521DBCD92D00A5D68C /* Frameworks */,
				341596531DBCD92D00A5D68C /* Resources */,
				DC6301AA1DC7E550AF541866 /* [CP] Embed Pods Frameworks */,
				22F5C17E7679CB1381A02987 /* [CP] Copy Pods Resources */,
			);
			buildRules = (
			);
			dependencies = (
				341596571DBCD92D00A5D68C /* PBXTargetDependency */,
			);
			name = TableBookingTests;
			productName = TableBookingTests;
			productReference = 341596551DBCD92D00A5D68C /* TableBookingTests.xctest */;
			productType = "com.apple.product-type.bundle.unit-test";
		};
		3415965F1DBCD92D00A5D68C /* TableBookingUITests */ = {
			isa = PBXNativeTarget;
			buildConfigurationList = 3415966F1DBCD92D00A5D68C /* Build configuration list for PBXNativeTarget "TableBookingUITests" */;
			buildPhases = (
				5F3FDEC3762689F10C7DC721 /* [CP] Check Pods Manifest.lock */,
				3415965C1DBCD92D00A5D68C /* Sources */,
				3415965D1DBCD92D00A5D68C /* Frameworks */,
				3415965E1DBCD92D00A5D68C /* Resources */,
				BB5AF74A688F9A4747E2E01A /* [CP] Embed Pods Frameworks */,
				DEF80237CF54054A24ABA1B6 /* [CP] Copy Pods Resources */,
			);
			buildRules = (
			);
			dependencies = (
				341596621DBCD92D00A5D68C /* PBXTargetDependency */,
			);
			name = TableBookingUITests;
			productName = TableBookingUITests;
			productReference = 341596601DBCD92D00A5D68C /* TableBookingUITests.xctest */;
			productType = "com.apple.product-type.bundle.ui-testing";
		};
/* End PBXNativeTarget section */

/* Begin PBXProject section */
		341596361DBCD92C00A5D68C /* Project object */ = {
			isa = PBXProject;
			attributes = {
				LastSwiftUpdateCheck = 0800;
				LastUpgradeCheck = 0810;
				ORGANIZATIONNAME = "Nikita Kirichek";
				TargetAttributes = {
					3415963D1DBCD92C00A5D68C = {
						CreatedOnToolsVersion = 8.0;
						DevelopmentTeam = YSVD2VLRXZ;
						LastSwiftMigration = 0810;
						ProvisioningStyle = Automatic;
					};
					341596541DBCD92D00A5D68C = {
						CreatedOnToolsVersion = 8.0;
						DevelopmentTeam = YSVD2VLRXZ;
						ProvisioningStyle = Automatic;
						TestTargetID = 3415963D1DBCD92C00A5D68C;
					};
					3415965F1DBCD92D00A5D68C = {
						CreatedOnToolsVersion = 8.0;
						DevelopmentTeam = YSVD2VLRXZ;
						ProvisioningStyle = Automatic;
						TestTargetID = 3415963D1DBCD92C00A5D68C;
					};
				};
			};
			buildConfigurationList = 341596391DBCD92C00A5D68C /* Build configuration list for PBXProject "TableBooking" */;
			compatibilityVersion = "Xcode 3.2";
			developmentRegion = English;
			hasScannedForEncodings = 0;
			knownRegions = (
				en,
				Base,
			);
			mainGroup = 341596351DBCD92C00A5D68C;
			productRefGroup = 3415963F1DBCD92D00A5D68C /* Products */;
			projectDirPath = "";
			projectRoot = "";
			targets = (
				3415963D1DBCD92C00A5D68C /* TableBooking */,
				341596541DBCD92D00A5D68C /* TableBookingTests */,
				3415965F1DBCD92D00A5D68C /* TableBookingUITests */,
			);
		};
/* End PBXProject section */

/* Begin PBXResourcesBuildPhase section */
		3415963C1DBCD92C00A5D68C /* Resources */ = {
			isa = PBXResourcesBuildPhase;
			buildActionMask = 2147483647;
			files = (
				3415964F1DBCD92D00A5D68C /* LaunchScreen.storyboard in Resources */,
				3415964C1DBCD92D00A5D68C /* Assets.xcassets in Resources */,
				341596471DBCD92D00A5D68C /* Main.storyboard in Resources */,
			);
			runOnlyForDeploymentPostprocessing = 0;
		};
		341596531DBCD92D00A5D68C /* Resources */ = {
			isa = PBXResourcesBuildPhase;
			buildActionMask = 2147483647;
			files = (
			);
			runOnlyForDeploymentPostprocessing = 0;
		};
		3415965E1DBCD92D00A5D68C /* Resources */ = {
			isa = PBXResourcesBuildPhase;
			buildActionMask = 2147483647;
			files = (
			);
			runOnlyForDeploymentPostprocessing = 0;
		};
/* End PBXResourcesBuildPhase section */

/* Begin PBXShellScriptBuildPhase section */
		15EA5105A6A479BEAB83D8B2 /* [CP] Copy Pods Resources */ = {
			isa = PBXShellScriptBuildPhase;
			buildActionMask = 2147483647;
			files = (
			);
			inputPaths = (
			);
			name = "[CP] Copy Pods Resources";
			outputPaths = (
			);
			runOnlyForDeploymentPostprocessing = 0;
			shellPath = /bin/sh;
			shellScript = "\"${SRCROOT}/Pods/Target Support Files/Pods-TableBooking/Pods-TableBooking-resources.sh\"\n";
			showEnvVarsInLog = 0;
		};
		22F5C17E7679CB1381A02987 /* [CP] Copy Pods Resources */ = {
			isa = PBXShellScriptBuildPhase;
			buildActionMask = 2147483647;
			files = (
			);
			inputPaths = (
			);
			name = "[CP] Copy Pods Resources";
			outputPaths = (
			);
			runOnlyForDeploymentPostprocessing = 0;
			shellPath = /bin/sh;
			shellScript = "\"${SRCROOT}/Pods/Target Support Files/Pods-TableBookingTests/Pods-TableBookingTests-resources.sh\"\n";
			showEnvVarsInLog = 0;
		};
		55A4EB620E5BC56381E05699 /* [CP] Embed Pods Frameworks */ = {
			isa = PBXShellScriptBuildPhase;
			buildActionMask = 2147483647;
			files = (
			);
			inputPaths = (
			);
			name = "[CP] Embed Pods Frameworks";
			outputPaths = (
			);
			runOnlyForDeploymentPostprocessing = 0;
			shellPath = /bin/sh;
			shellScript = "\"${SRCROOT}/Pods/Target Support Files/Pods-TableBooking/Pods-TableBooking-frameworks.sh\"\n";
			showEnvVarsInLog = 0;
		};
		5F3FDEC3762689F10C7DC721 /* [CP] Check Pods Manifest.lock */ = {
			isa = PBXShellScriptBuildPhase;
			buildActionMask = 2147483647;
			files = (
			);
			inputPaths = (
			);
			name = "[CP] Check Pods Manifest.lock";
			outputPaths = (
			);
			runOnlyForDeploymentPostprocessing = 0;
			shellPath = /bin/sh;
			shellScript = "diff \"${PODS_ROOT}/../Podfile.lock\" \"${PODS_ROOT}/Manifest.lock\" > /dev/null\nif [ $? != 0 ] ; then\n    # print error to STDERR\n    echo \"error: The sandbox is not in sync with the Podfile.lock. Run 'pod install' or update your CocoaPods installation.\" >&2\n    exit 1\nfi\n";
			showEnvVarsInLog = 0;
		};
		7EB7CB87CCEC570E9F5B5CDB /* [CP] Check Pods Manifest.lock */ = {
			isa = PBXShellScriptBuildPhase;
			buildActionMask = 2147483647;
			files = (
			);
			inputPaths = (
			);
			name = "[CP] Check Pods Manifest.lock";
			outputPaths = (
			);
			runOnlyForDeploymentPostprocessing = 0;
			shellPath = /bin/sh;
			shellScript = "diff \"${PODS_ROOT}/../Podfile.lock\" \"${PODS_ROOT}/Manifest.lock\" > /dev/null\nif [ $? != 0 ] ; then\n    # print error to STDERR\n    echo \"error: The sandbox is not in sync with the Podfile.lock. Run 'pod install' or update your CocoaPods installation.\" >&2\n    exit 1\nfi\n";
			showEnvVarsInLog = 0;
		};
		9C375D406BF40A4BD3E41491 /* [CP] Check Pods Manifest.lock */ = {
			isa = PBXShellScriptBuildPhase;
			buildActionMask = 2147483647;
			files = (
			);
			inputPaths = (
			);
			name = "[CP] Check Pods Manifest.lock";
			outputPaths = (
			);
			runOnlyForDeploymentPostprocessing = 0;
			shellPath = /bin/sh;
			shellScript = "diff \"${PODS_ROOT}/../Podfile.lock\" \"${PODS_ROOT}/Manifest.lock\" > /dev/null\nif [ $? != 0 ] ; then\n    # print error to STDERR\n    echo \"error: The sandbox is not in sync with the Podfile.lock. Run 'pod install' or update your CocoaPods installation.\" >&2\n    exit 1\nfi\n";
			showEnvVarsInLog = 0;
		};
		BB5AF74A688F9A4747E2E01A /* [CP] Embed Pods Frameworks */ = {
			isa = PBXShellScriptBuildPhase;
			buildActionMask = 2147483647;
			files = (
			);
			inputPaths = (
			);
			name = "[CP] Embed Pods Frameworks";
			outputPaths = (
			);
			runOnlyForDeploymentPostprocessing = 0;
			shellPath = /bin/sh;
			shellScript = "\"${SRCROOT}/Pods/Target Support Files/Pods-TableBookingUITests/Pods-TableBookingUITests-frameworks.sh\"\n";
			showEnvVarsInLog = 0;
		};
		DC6301AA1DC7E550AF541866 /* [CP] Embed Pods Frameworks */ = {
			isa = PBXShellScriptBuildPhase;
			buildActionMask = 2147483647;
			files = (
			);
			inputPaths = (
			);
			name = "[CP] Embed Pods Frameworks";
			outputPaths = (
			);
			runOnlyForDeploymentPostprocessing = 0;
			shellPath = /bin/sh;
			shellScript = "\"${SRCROOT}/Pods/Target Support Files/Pods-TableBookingTests/Pods-TableBookingTests-frameworks.sh\"\n";
			showEnvVarsInLog = 0;
		};
		DEF80237CF54054A24ABA1B6 /* [CP] Copy Pods Resources */ = {
			isa = PBXShellScriptBuildPhase;
			buildActionMask = 2147483647;
			files = (
			);
			inputPaths = (
			);
			name = "[CP] Copy Pods Resources";
			outputPaths = (
			);
			runOnlyForDeploymentPostprocessing = 0;
			shellPath = /bin/sh;
			shellScript = "\"${SRCROOT}/Pods/Target Support Files/Pods-TableBookingUITests/Pods-TableBookingUITests-resources.sh\"\n";
			showEnvVarsInLog = 0;
		};
/* End PBXShellScriptBuildPhase section */

/* Begin PBXSourcesBuildPhase section */
		3415963A1DBCD92C00A5D68C /* Sources */ = {
			isa = PBXSourcesBuildPhase;
			buildActionMask = 2147483647;
			files = (
				34A171A51DE6F6360054E1ED /* Result.swift in Sources */,
				34F495931DDFD04C00DF791E /* SearchViewController.swift in Sources */,
				34F495971DDFD10B00DF791E /* UserViewController.swift in Sources */,
				341596731DBD70D000A5D68C /* TBColors.swift in Sources */,
				34172AC61DE1BA340005EAAA /* NMRangeSlider.m in Sources */,
				34A171A01DE6F18D0054E1ED /* Parser.swift in Sources */,
				34F495911DDFCB0600DF791E /* StartTabBarViewController.swift in Sources */,
				34172ACA1DE1C0730005EAAA /* FilterViewController.swift in Sources */,
				34A1719C1DE60F330054E1ED /* DataAPI.swift in Sources */,
				34A1719A1DE5FC3A0054E1ED /* Config.swift in Sources */,
				34A171A31DE6F6290054E1ED /* Error.swift in Sources */,
				34A1719E1DE6F0C00054E1ED /* User.swift in Sources */,
				3415964A1DBCD92D00A5D68C /* TableBooking.xcdatamodeld in Sources */,
				341596421DBCD92D00A5D68C /* AppDelegate.swift in Sources */,
				34F495951DDFD0AC00DF791E /* HistoryViewController.swift in Sources */,
				34172AD51DE1F85E0005EAAA /* Numebers+Format.swift in Sources */,
				3495A4A71DE105D1005503E3 /* RestaurantTableViewCell.swift in Sources */,
				34F4958F1DDFC66000DF791E /* StartNavigationViewController.swift in Sources */,
			);
			runOnlyForDeploymentPostprocessing = 0;
		};
		341596511DBCD92D00A5D68C /* Sources */ = {
			isa = PBXSourcesBuildPhase;
			buildActionMask = 2147483647;
			files = (
				3415965A1DBCD92D00A5D68C /* TableBookingTests.swift in Sources */,
			);
			runOnlyForDeploymentPostprocessing = 0;
		};
		3415965C1DBCD92D00A5D68C /* Sources */ = {
			isa = PBXSourcesBuildPhase;
			buildActionMask = 2147483647;
			files = (
				341596651DBCD92D00A5D68C /* TableBookingUITests.swift in Sources */,
			);
			runOnlyForDeploymentPostprocessing = 0;
		};
/* End PBXSourcesBuildPhase section */

/* Begin PBXTargetDependency section */
		341596571DBCD92D00A5D68C /* PBXTargetDependency */ = {
			isa = PBXTargetDependency;
			target = 3415963D1DBCD92C00A5D68C /* TableBooking */;
			targetProxy = 341596561DBCD92D00A5D68C /* PBXContainerItemProxy */;
		};
		341596621DBCD92D00A5D68C /* PBXTargetDependency */ = {
			isa = PBXTargetDependency;
			target = 3415963D1DBCD92C00A5D68C /* TableBooking */;
			targetProxy = 341596611DBCD92D00A5D68C /* PBXContainerItemProxy */;
		};
/* End PBXTargetDependency section */

/* Begin PBXVariantGroup section */
		341596451DBCD92D00A5D68C /* Main.storyboard */ = {
			isa = PBXVariantGroup;
			children = (
				341596461DBCD92D00A5D68C /* Base */,
			);
			name = Main.storyboard;
			sourceTree = "<group>";
		};
		3415964D1DBCD92D00A5D68C /* LaunchScreen.storyboard */ = {
			isa = PBXVariantGroup;
			children = (
				3415964E1DBCD92D00A5D68C /* Base */,
			);
			name = LaunchScreen.storyboard;
			sourceTree = "<group>";
		};
/* End PBXVariantGroup section */

/* Begin XCBuildConfiguration section */
		341596671DBCD92D00A5D68C /* Debug */ = {
			isa = XCBuildConfiguration;
			buildSettings = {
				ALWAYS_SEARCH_USER_PATHS = NO;
				CLANG_ANALYZER_NONNULL = YES;
				CLANG_CXX_LANGUAGE_STANDARD = "gnu++0x";
				CLANG_CXX_LIBRARY = "libc++";
				CLANG_ENABLE_MODULES = YES;
				CLANG_ENABLE_OBJC_ARC = YES;
				CLANG_WARN_BOOL_CONVERSION = YES;
				CLANG_WARN_CONSTANT_CONVERSION = YES;
				CLANG_WARN_DIRECT_OBJC_ISA_USAGE = YES_ERROR;
				CLANG_WARN_DOCUMENTATION_COMMENTS = YES;
				CLANG_WARN_EMPTY_BODY = YES;
				CLANG_WARN_ENUM_CONVERSION = YES;
				CLANG_WARN_INFINITE_RECURSION = YES;
				CLANG_WARN_INT_CONVERSION = YES;
				CLANG_WARN_OBJC_ROOT_CLASS = YES_ERROR;
				CLANG_WARN_SUSPICIOUS_MOVE = YES;
				CLANG_WARN_SUSPICIOUS_MOVES = YES;
				CLANG_WARN_UNREACHABLE_CODE = YES;
				CLANG_WARN__DUPLICATE_METHOD_MATCH = YES;
				"CODE_SIGN_IDENTITY[sdk=iphoneos*]" = "iPhone Developer";
				COPY_PHASE_STRIP = NO;
				DEBUG_INFORMATION_FORMAT = dwarf;
				ENABLE_STRICT_OBJC_MSGSEND = YES;
				ENABLE_TESTABILITY = YES;
				GCC_C_LANGUAGE_STANDARD = gnu99;
				GCC_DYNAMIC_NO_PIC = NO;
				GCC_NO_COMMON_BLOCKS = YES;
				GCC_OPTIMIZATION_LEVEL = 0;
				GCC_PREPROCESSOR_DEFINITIONS = (
					"DEBUG=1",
					"$(inherited)",
				);
				GCC_WARN_64_TO_32_BIT_CONVERSION = YES;
				GCC_WARN_ABOUT_RETURN_TYPE = YES_ERROR;
				GCC_WARN_UNDECLARED_SELECTOR = YES;
				GCC_WARN_UNINITIALIZED_AUTOS = YES_AGGRESSIVE;
				GCC_WARN_UNUSED_FUNCTION = YES;
				GCC_WARN_UNUSED_VARIABLE = YES;
				IPHONEOS_DEPLOYMENT_TARGET = 10.0;
				MTL_ENABLE_DEBUG_INFO = YES;
				ONLY_ACTIVE_ARCH = YES;
				SDKROOT = iphoneos;
				SWIFT_ACTIVE_COMPILATION_CONDITIONS = DEBUG;
				SWIFT_OPTIMIZATION_LEVEL = "-Onone";
			};
			name = Debug;
		};
		341596681DBCD92D00A5D68C /* Release */ = {
			isa = XCBuildConfiguration;
			buildSettings = {
				ALWAYS_SEARCH_USER_PATHS = NO;
				CLANG_ANALYZER_NONNULL = YES;
				CLANG_CXX_LANGUAGE_STANDARD = "gnu++0x";
				CLANG_CXX_LIBRARY = "libc++";
				CLANG_ENABLE_MODULES = YES;
				CLANG_ENABLE_OBJC_ARC = YES;
				CLANG_WARN_BOOL_CONVERSION = YES;
				CLANG_WARN_CONSTANT_CONVERSION = YES;
				CLANG_WARN_DIRECT_OBJC_ISA_USAGE = YES_ERROR;
				CLANG_WARN_DOCUMENTATION_COMMENTS = YES;
				CLANG_WARN_EMPTY_BODY = YES;
				CLANG_WARN_ENUM_CONVERSION = YES;
				CLANG_WARN_INFINITE_RECURSION = YES;
				CLANG_WARN_INT_CONVERSION = YES;
				CLANG_WARN_OBJC_ROOT_CLASS = YES_ERROR;
				CLANG_WARN_SUSPICIOUS_MOVE = YES;
				CLANG_WARN_SUSPICIOUS_MOVES = YES;
				CLANG_WARN_UNREACHABLE_CODE = YES;
				CLANG_WARN__DUPLICATE_METHOD_MATCH = YES;
				"CODE_SIGN_IDENTITY[sdk=iphoneos*]" = "iPhone Developer";
				COPY_PHASE_STRIP = NO;
				DEBUG_INFORMATION_FORMAT = "dwarf-with-dsym";
				ENABLE_NS_ASSERTIONS = NO;
				ENABLE_STRICT_OBJC_MSGSEND = YES;
				GCC_C_LANGUAGE_STANDARD = gnu99;
				GCC_NO_COMMON_BLOCKS = YES;
				GCC_WARN_64_TO_32_BIT_CONVERSION = YES;
				GCC_WARN_ABOUT_RETURN_TYPE = YES_ERROR;
				GCC_WARN_UNDECLARED_SELECTOR = YES;
				GCC_WARN_UNINITIALIZED_AUTOS = YES_AGGRESSIVE;
				GCC_WARN_UNUSED_FUNCTION = YES;
				GCC_WARN_UNUSED_VARIABLE = YES;
				IPHONEOS_DEPLOYMENT_TARGET = 10.0;
				MTL_ENABLE_DEBUG_INFO = NO;
				SDKROOT = iphoneos;
				SWIFT_OPTIMIZATION_LEVEL = "-Owholemodule";
				VALIDATE_PRODUCT = YES;
			};
			name = Release;
		};
		3415966A1DBCD92D00A5D68C /* Debug */ = {
			isa = XCBuildConfiguration;
			baseConfigurationReference = 32279C62F9BC4A94B4CC5D1C /* Pods-TableBooking.debug.xcconfig */;
			buildSettings = {
				ASSETCATALOG_COMPILER_APPICON_NAME = AppIcon;
				CLANG_ENABLE_MODULES = YES;
				DEVELOPMENT_TEAM = YSVD2VLRXZ;
				INFOPLIST_FILE = TableBooking/Info.plist;
				LD_RUNPATH_SEARCH_PATHS = "$(inherited) @executable_path/Frameworks";
				PRODUCT_BUNDLE_IDENTIFIER = com.kpi.university.TableBooking;
				PRODUCT_NAME = "$(TARGET_NAME)";
				SWIFT_OBJC_BRIDGING_HEADER = "TableBooking/TableBooking-Bridging-Header.h";
				SWIFT_OPTIMIZATION_LEVEL = "-Onone";
				SWIFT_VERSION = 3.0;
			};
			name = Debug;
		};
		3415966B1DBCD92D00A5D68C /* Release */ = {
			isa = XCBuildConfiguration;
			baseConfigurationReference = 95D053175D05A691FEFA33A1 /* Pods-TableBooking.release.xcconfig */;
			buildSettings = {
				ASSETCATALOG_COMPILER_APPICON_NAME = AppIcon;
				CLANG_ENABLE_MODULES = YES;
				DEVELOPMENT_TEAM = YSVD2VLRXZ;
				INFOPLIST_FILE = TableBooking/Info.plist;
				LD_RUNPATH_SEARCH_PATHS = "$(inherited) @executable_path/Frameworks";
				PRODUCT_BUNDLE_IDENTIFIER = com.kpi.university.TableBooking;
				PRODUCT_NAME = "$(TARGET_NAME)";
				SWIFT_OBJC_BRIDGING_HEADER = "TableBooking/TableBooking-Bridging-Header.h";
				SWIFT_VERSION = 3.0;
			};
			name = Release;
		};
		3415966D1DBCD92D00A5D68C /* Debug */ = {
			isa = XCBuildConfiguration;
			baseConfigurationReference = 66B5D4E9BFDB7B1EAB2A16A6 /* Pods-TableBookingTests.debug.xcconfig */;
			buildSettings = {
				ALWAYS_EMBED_SWIFT_STANDARD_LIBRARIES = YES;
				BUNDLE_LOADER = "$(TEST_HOST)";
				DEVELOPMENT_TEAM = YSVD2VLRXZ;
				INFOPLIST_FILE = TableBookingTests/Info.plist;
				LD_RUNPATH_SEARCH_PATHS = "$(inherited) @executable_path/Frameworks @loader_path/Frameworks";
				PRODUCT_BUNDLE_IDENTIFIER = com.kpi.university.TableBookingTests;
				PRODUCT_NAME = "$(TARGET_NAME)";
				SWIFT_VERSION = 3.0;
				TEST_HOST = "$(BUILT_PRODUCTS_DIR)/TableBooking.app/TableBooking";
			};
			name = Debug;
		};
		3415966E1DBCD92D00A5D68C /* Release */ = {
			isa = XCBuildConfiguration;
			baseConfigurationReference = 769857275A8C5B7B59B049A5 /* Pods-TableBookingTests.release.xcconfig */;
			buildSettings = {
				ALWAYS_EMBED_SWIFT_STANDARD_LIBRARIES = YES;
				BUNDLE_LOADER = "$(TEST_HOST)";
				DEVELOPMENT_TEAM = YSVD2VLRXZ;
				INFOPLIST_FILE = TableBookingTests/Info.plist;
				LD_RUNPATH_SEARCH_PATHS = "$(inherited) @executable_path/Frameworks @loader_path/Frameworks";
				PRODUCT_BUNDLE_IDENTIFIER = com.kpi.university.TableBookingTests;
				PRODUCT_NAME = "$(TARGET_NAME)";
				SWIFT_VERSION = 3.0;
				TEST_HOST = "$(BUILT_PRODUCTS_DIR)/TableBooking.app/TableBooking";
			};
			name = Release;
		};
		341596701DBCD92D00A5D68C /* Debug */ = {
			isa = XCBuildConfiguration;
			baseConfigurationReference = 20DB233ED1B0843D3DAC9E7D /* Pods-TableBookingUITests.debug.xcconfig */;
			buildSettings = {
				ALWAYS_EMBED_SWIFT_STANDARD_LIBRARIES = YES;
				DEVELOPMENT_TEAM = YSVD2VLRXZ;
				INFOPLIST_FILE = TableBookingUITests/Info.plist;
				LD_RUNPATH_SEARCH_PATHS = "$(inherited) @executable_path/Frameworks @loader_path/Frameworks";
				PRODUCT_BUNDLE_IDENTIFIER = com.kpi.university.TableBookingUITests;
				PRODUCT_NAME = "$(TARGET_NAME)";
				SWIFT_VERSION = 3.0;
				TEST_TARGET_NAME = TableBooking;
			};
			name = Debug;
		};
		341596711DBCD92D00A5D68C /* Release */ = {
			isa = XCBuildConfiguration;
			baseConfigurationReference = 859E1CD5EFA8303704C23195 /* Pods-TableBookingUITests.release.xcconfig */;
			buildSettings = {
				ALWAYS_EMBED_SWIFT_STANDARD_LIBRARIES = YES;
				DEVELOPMENT_TEAM = YSVD2VLRXZ;
				INFOPLIST_FILE = TableBookingUITests/Info.plist;
				LD_RUNPATH_SEARCH_PATHS = "$(inherited) @executable_path/Frameworks @loader_path/Frameworks";
				PRODUCT_BUNDLE_IDENTIFIER = com.kpi.university.TableBookingUITests;
				PRODUCT_NAME = "$(TARGET_NAME)";
				SWIFT_VERSION = 3.0;
				TEST_TARGET_NAME = TableBooking;
			};
			name = Release;
		};
/* End XCBuildConfiguration section */

/* Begin XCConfigurationList section */
		341596391DBCD92C00A5D68C /* Build configuration list for PBXProject "TableBooking" */ = {
			isa = XCConfigurationList;
			buildConfigurations = (
				341596671DBCD92D00A5D68C /* Debug */,
				341596681DBCD92D00A5D68C /* Release */,
			);
			defaultConfigurationIsVisible = 0;
			defaultConfigurationName = Release;
		};
		341596691DBCD92D00A5D68C /* Build configuration list for PBXNativeTarget "TableBooking" */ = {
			isa = XCConfigurationList;
			buildConfigurations = (
				3415966A1DBCD92D00A5D68C /* Debug */,
				3415966B1DBCD92D00A5D68C /* Release */,
			);
			defaultConfigurationIsVisible = 0;
			defaultConfigurationName = Release;
		};
		3415966C1DBCD92D00A5D68C /* Build configuration list for PBXNativeTarget "TableBookingTests" */ = {
			isa = XCConfigurationList;
			buildConfigurations = (
				3415966D1DBCD92D00A5D68C /* Debug */,
				3415966E1DBCD92D00A5D68C /* Release */,
			);
			defaultConfigurationIsVisible = 0;
			defaultConfigurationName = Release;
		};
		3415966F1DBCD92D00A5D68C /* Build configuration list for PBXNativeTarget "TableBookingUITests" */ = {
			isa = XCConfigurationList;
			buildConfigurations = (
				341596701DBCD92D00A5D68C /* Debug */,
				341596711DBCD92D00A5D68C /* Release */,
			);
			defaultConfigurationIsVisible = 0;
			defaultConfigurationName = Release;
		};
/* End XCConfigurationList section */

/* Begin XCVersionGroup section */
		341596481DBCD92D00A5D68C /* TableBooking.xcdatamodeld */ = {
			isa = XCVersionGroup;
			children = (
				341596491DBCD92D00A5D68C /* TableBooking.xcdatamodel */,
			);
			currentVersion = 341596491DBCD92D00A5D68C /* TableBooking.xcdatamodel */;
			path = TableBooking.xcdatamodeld;
			sourceTree = "<group>";
			versionGroupType = wrapper.xcdatamodel;
		};
/* End XCVersionGroup section */
	};
	rootObject = 341596361DBCD92C00A5D68C /* Project object */;
}
